
Microsoft Visual Studio Solution File, Format Version 12.00
# Visual Studio Version 16
VisualStudioVersion = 16.0.29926.136
MinimumVisualStudioVersion = 10.0.40219.1
Project("{FAE04EC0-301F-11D3-BF4B-00C04F79EFBC}") = "Addition_task", "Addition_task\Addition_task.csproj", "{CA6FCBFF-BEC1-4447-A205-60D7E08E661D}"
EndProject
Global
	GlobalSection(SolutionConfigurationPlatforms) = preSolution
		Debug|Any CPU = Debug|Any CPU
		Release|Any CPU = Release|Any CPU
	EndGlobalSection
	GlobalSection(ProjectConfigurationPlatforms) = postSolution
		{CA6FCBFF-BEC1-4447-A205-60D7E08E661D}.Debug|Any CPU.ActiveCfg = Debug|Any CPU
		{CA6FCBFF-BEC1-4447-A205-60D7E08E661D}.Debug|Any CPU.Build.0 = Debug|Any CPU
		{CA6FCBFF-BEC1-4447-A205-60D7E08E661D}.Release|Any CPU.ActiveCfg = Release|Any CPU
		{CA6FCBFF-BEC1-4447-A205-60D7E08E661D}.Release|Any CPU.Build.0 = Release|Any CPU
	EndGlobalSection
	GlobalSection(SolutionProperties) = preSolution
		HideSolutionNode = FALSE
	EndGlobalSection
	GlobalSection(ExtensibilityGlobals) = postSolution
		SolutionGuid = {C89E75F5-654F-4CFC-B227-3515B495CC1E}
	EndGlobalSection
EndGlobal
